dependencies:
- name: postgres
  repository: file://charts/postgres
  version: 0.1.0
- name: rustfs
  repository: file://charts/rustfs
  version: 0.1.0
- name: langfuse
  repository: file://charts/langfuse
  version: 1.0.0
- name: banana-slides
  repository: file://charts/banana-slides
  version: 0.1.0
digest: sha256:cb310343357e9195bf86d384c67b092be51acf54b895be4a41a253e0f0b51009
generated: "2026-02-05T23:47:58.193851+08:00"
